
Microsoft Visual Studio Solution File, Format Version 12.00
# Visual Studio Version 16
VisualStudioVersion = 16.0.31624.102
MinimumVisualStudioVersion = 10.0.40219.1
Project("{FAE04EC0-301F-11D3-BF4B-00C04F79EFBC}") = "lab2", "lab2.csproj", "{4450209D-77F0-489F-B15E-A3C247C549FB}"
EndProject
Global
	GlobalSection(SolutionConfigurationPlatforms) = preSolution
		Debug|Any CPU = Debug|Any CPU
		Release|Any CPU = Release|Any CPU
	EndGlobalSection
	GlobalSection(ProjectConfigurationPlatforms) = postSolution
		{4450209D-77F0-489F-B15E-A3C247C549FB}.Debug|Any CPU.ActiveCfg = Debug|Any CPU
		{4450209D-77F0-489F-B15E-A3C247C549FB}.Debug|Any CPU.Build.0 = Debug|Any CPU
		{4450209D-77F0-489F-B15E-A3C247C549FB}.Release|Any CPU.ActiveCfg = Release|Any CPU
		{4450209D-77F0-489F-B15E-A3C247C549FB}.Release|Any CPU.Build.0 = Release|Any CPU
	EndGlobalSection
	GlobalSection(SolutionProperties) = preSolution
		HideSolutionNode = FALSE
	EndGlobalSection
	GlobalSection(ExtensibilityGlobals) = postSolution
		SolutionGuid = {7F032969-5EDE-4506-B8B3-D5AE0043F231}
	EndGlobalSection
EndGlobal
